
Microsoft Visual Studio Solution File, Format Version 12.00
# Visual Studio 14
VisualStudioVersion = 14.0.25420.1
MinimumVisualStudioVersion = 10.0.40219.1
Project("{2150E333-8FDC-42A3-9474-1A3956D46DE8}") = "Solution Items", "Solution Items", "{FC62FC1E-EB66-41AA-8FA4-1547F8925EAB}"
	ProjectSection(SolutionItems) = preProject
		CNAME = CNAME
		index.html = index.html
	EndProjectSection
EndProject
Project("{2150E333-8FDC-42A3-9474-1A3956D46DE8}") = "css", "css", "{D8D5975D-9D0B-4535-B72C-B375E3530FE7}"
	ProjectSection(SolutionItems) = preProject
		css\clear-sans.css = css\clear-sans.css
		css\ClearSans-Bold-webfont.woff = css\ClearSans-Bold-webfont.woff
		css\ClearSans-Regular-webfont.woff = css\ClearSans-Regular-webfont.woff
		css\main.css = css\main.css
	EndProjectSection
EndProject
Project("{2150E333-8FDC-42A3-9474-1A3956D46DE8}") = "js", "js", "{D45CC5CB-154D-4994-90CD-94BEFCA06840}"
	ProjectSection(SolutionItems) = preProject
		js\animframe_polyfill.js = js\animframe_polyfill.js
		js\application.js = js\application.js
		js\bind_polyfill.js = js\bind_polyfill.js
		js\classlist_polyfill.js = js\classlist_polyfill.js
		js\game_manager.js = js\game_manager.js
		js\grid.js = js\grid.js
		js\html_actuator.js = js\html_actuator.js
		js\keyboard_input_manager.js = js\keyboard_input_manager.js
		js\local_storage_manager.js = js\local_storage_manager.js
		js\tile.js = js\tile.js
	EndProjectSection
EndProject
Project("{2150E333-8FDC-42A3-9474-1A3956D46DE8}") = "images", "images", "{AC4D37F7-5B9C-4305-85DD-07BE07FDC5F9}"
	ProjectSection(SolutionItems) = preProject
		images\apple-touch-icon.png = images\apple-touch-icon.png
		images\apple-touch-startup-image-640x1096.png = images\apple-touch-startup-image-640x1096.png
		images\apple-touch-startup-image-640x920.png = images\apple-touch-startup-image-640x920.png
		images\favicon.ico = images\favicon.ico
		images\ico.png = images\ico.png
	EndProjectSection
EndProject
Global
	GlobalSection(SolutionProperties) = preSolution
		HideSolutionNode = FALSE
	EndGlobalSection
	GlobalSection(NestedProjects) = preSolution
		{D8D5975D-9D0B-4535-B72C-B375E3530FE7} = {FC62FC1E-EB66-41AA-8FA4-1547F8925EAB}
		{D45CC5CB-154D-4994-90CD-94BEFCA06840} = {FC62FC1E-EB66-41AA-8FA4-1547F8925EAB}
		{AC4D37F7-5B9C-4305-85DD-07BE07FDC5F9} = {FC62FC1E-EB66-41AA-8FA4-1547F8925EAB}
	EndGlobalSection
EndGlobal
